
Microsoft Visual Studio Solution File, Format Version 12.00
# Visual Studio 15
VisualStudioVersion = 15.0.28307.421
MinimumVisualStudioVersion = 10.0.40219.1
Project("{FAE04EC0-301F-11D3-BF4B-00C04F79EFBC}") = "Ubisoft_club", "Coursera_auto_test\Ubisoft_club.csproj", "{BB87DFDC-A745-42B2-8D5F-38B1A94739E5}"
EndProject
Global
	GlobalSection(SolutionConfigurationPlatforms) = preSolution
		Debug|Any CPU = Debug|Any CPU
		Release|Any CPU = Release|Any CPU
	EndGlobalSection
	GlobalSection(ProjectConfigurationPlatforms) = postSolution
		{BB87DFDC-A745-42B2-8D5F-38B1A94739E5}.Debug|Any CPU.ActiveCfg = Debug|Any CPU
		{BB87DFDC-A745-42B2-8D5F-38B1A94739E5}.Debug|Any CPU.Build.0 = Debug|Any CPU
		{BB87DFDC-A745-42B2-8D5F-38B1A94739E5}.Release|Any CPU.ActiveCfg = Release|Any CPU
		{BB87DFDC-A745-42B2-8D5F-38B1A94739E5}.Release|Any CPU.Build.0 = Release|Any CPU
	EndGlobalSection
	GlobalSection(SolutionProperties) = preSolution
		HideSolutionNode = FALSE
	EndGlobalSection
	GlobalSection(ExtensibilityGlobals) = postSolution
		SolutionGuid = {A03BC42A-17BF-4062-8A46-9C18CE6C5987}
	EndGlobalSection
EndGlobal
